{
  "version": 4,
  "terraform_version": "1.3.7",
  "serial": 116,
  "lineage": "b9603a3e-ee0c-116b-f43c-355e37225b83",
  "outputs": {},
  "resources": [
    {
      "mode": "data",
      "type": "aws_eks_cluster",
      "name": "cluster",
      "provider": "provider[\"registry.terraform.io/hashicorp/aws\"]",
      "instances": [
        {
          "schema_version": 0,
          "attributes": {
            "arn": "arn:aws:eks:us-east-1:546364078004:cluster/middlechat-eks-dev-3DP2In4e",
            "certificate_authority": [
              {
                "data": "LS0tLS1CRUdJTiBDRVJUSUZJQ0FURS0tLS0tCk1JSUMvakNDQWVhZ0F3SUJBZ0lCQURBTkJna3Foa2lHOXcwQkFRc0ZBREFWTVJNd0VRWURWUVFERXdwcmRXSmwKY201bGRHVnpNQjRYRFRJek1ERXlNVEU0TkRFeE4xb1hEVE16TURFeE9ERTROREV4TjFvd0ZURVRNQkVHQTFVRQpBeE1LYTNWaVpYSnVaWFJsY3pDQ0FTSXdEUVlKS29aSWh2Y05BUUVCQlFBRGdnRVBBRENDQVFvQ2dnRUJBTWdFCnRFN3QwbkloZkRWeEh2SzVjQVNhN290eGJBc3FjV285UDV0MURUalZHNVR6WDhyNmxIUWh2dWNWQXV1NjhrbmQKbDl0dHE0dXY0YUFLaWZScnRnMTZKUE4rbnZpR21Rdko3ZGNSVmdyUnF1VHAvRVJ4Z0JlMlBPL1dQSUZTeFlXTQpYWGZkYVYyVC94bXRtUjZKdkFHbERVbXJNSG5kbGNmRHgrSUU3cUxzTjh5ZWR1MFp1VWxCN2xPWU5tQWhrSDBxCk5DRTVJaXVUYzRNdlpGQ2dWUkVOZUpqNjZKZ080REZHN1dwWXBDQm90OFFmT0owQW9haUlIYTR6V2k0RVY4YlEKVUdHOW43eUtzQXRGdlQyZmxaNFA5MnhFOWs4VXFodFY1WS9KVTAvZUJvTjNsOVdRbk42QlVMN21BeEl3WGhPRQpZN2cvQlFsN0FEVXozV3Ztc0hFQ0F3RUFBYU5aTUZjd0RnWURWUjBQQVFIL0JBUURBZ0trTUE4R0ExVWRFd0VCCi93UUZNQU1CQWY4d0hRWURWUjBPQkJZRUZHZmY5b2VEMXhmeElZWFlzU1FzSE11WlMwbXhNQlVHQTFVZEVRUU8KTUF5Q0NtdDFZbVZ5Ym1WMFpYTXdEUVlKS29aSWh2Y05BUUVMQlFBRGdnRUJBS0ptaFAweEVCSm1KZklLRkw4dwpBVkVBNUFZc3VWSjBOWHRZMW5YbDJWRmcrL1o2eXM3NnNBQi83b0ZjOVhUN0FkUkRBWnZmRmVjdDA2YUExY0s3CmJtTC9mc2ZUNS9CYnBVMG5tYjhyRWoxR2doRFVYUkI5ZzIvV2NkYU9Jd2NkR3NGaXdvSFpVZGlkYXFCTEFYdUwKeldnbkN6V2ZwNjVJeWdLSnYzbVZYSHQ4MW5heS9sWDc3WSszVWxwMFZia0RQb0dCSEp2dW9NRVc0WUVtd3JjRwp4blZxRThkRCtqL3dHUEJrbjlKUUVyeG52cnVyZmZOUkNmdDBibjhpMUo3cGRBNHBsdyt6bTk2TjJWNUdhRTZRClE1YWdSMzhNcnZ3T0l6bWhIeVF6MWl1c1hzdElJa1hRUk5KNVpBNGFoV0FZTmZUelVDcHVTVVVBdllEUVRHakIKQVhRPQotLS0tLUVORCBDRVJUSUZJQ0FURS0tLS0tCg=="
              }
            ],
            "cluster_id": null,
            "created_at": "2023-01-21 18:35:06.271 +0000 UTC",
            "enabled_cluster_log_types": [
              "api",
              "audit",
              "authenticator"
            ],
            "endpoint": "https://DB5ED70149EAAF29F288E0CB5DD8E9AC.gr7.us-east-1.eks.amazonaws.com",
            "id": "middlechat-eks-dev-3DP2In4e",
            "identity": [
              {
                "oidc": [
                  {
                    "issuer": "https://oidc.eks.us-east-1.amazonaws.com/id/DB5ED70149EAAF29F288E0CB5DD8E9AC"
                  }
                ]
              }
            ],
            "kubernetes_network_config": [
              {
                "ip_family": "ipv4",
                "service_ipv4_cidr": "172.20.0.0/16",
                "service_ipv6_cidr": ""
              }
            ],
            "name": "middlechat-eks-dev-3DP2In4e",
            "outpost_config": [],
            "platform_version": "eks.3",
            "role_arn": "arn:aws:iam::546364078004:role/middlechat-eks-dev-3DP2In4e-cluster-20230121174820945300000003",
            "status": "ACTIVE",
            "tags": {},
            "version": "1.24",
            "vpc_config": [
              {
                "cluster_security_group_id": "sg-0f66b788175beed7d",
                "endpoint_private_access": true,
                "endpoint_public_access": true,
                "public_access_cidrs": [
                  "0.0.0.0/0"
                ],
                "security_group_ids": [
                  "sg-02c3db8ab0506dd1e"
                ],
                "subnet_ids": [
                  "subnet-0693aab5019afab7c",
                  "subnet-06b1d2320ed772a41",
                  "subnet-0bedf1fc2a38a5248"
                ],
                "vpc_id": "vpc-04c602107a5603eaa"
              }
            ]
          },
          "sensitive_attributes": []
        }
      ]
    },
    {
      "mode": "data",
      "type": "aws_eks_cluster_auth",
      "name": "cluster",
      "provider": "provider[\"registry.terraform.io/hashicorp/aws\"]",
      "instances": [
        {
          "schema_version": 0,
          "attributes": {
            "id": "https://DB5ED70149EAAF29F288E0CB5DD8E9AC.gr7.us-east-1.eks.amazonaws.com",
            "name": "https://DB5ED70149EAAF29F288E0CB5DD8E9AC.gr7.us-east-1.eks.amazonaws.com",
            "token": "k8s-aws-v1.aHR0cHM6Ly9zdHMuYW1hem9uYXdzLmNvbS8_QWN0aW9uPUdldENhbGxlcklkZW50aXR5JlZlcnNpb249MjAxMS0wNi0xNSZYLUFtei1BbGdvcml0aG09QVdTNC1ITUFDLVNIQTI1NiZYLUFtei1DcmVkZW50aWFsPUFLSUFYNk5PV0c2MktBVzRLSzdFJTJGMjAyMzAxMjglMkZ1cy1lYXN0LTElMkZzdHMlMkZhd3M0X3JlcXVlc3QmWC1BbXotRGF0ZT0yMDIzMDEyOFQwMTQ5MDNaJlgtQW16LUV4cGlyZXM9MCZYLUFtei1TaWduZWRIZWFkZXJzPWhvc3QlM0J4LWs4cy1hd3MtaWQmWC1BbXotU2lnbmF0dXJlPWE0NjFjMDMzZTU4YzEzZTk1MDRlNjU1OGQ3NjRmMjI4ZmVkMzFjN2QzYjdkNzc0ODUwZjcxOTM4NmRmOWRhMzU"
          },
          "sensitive_attributes": []
        }
      ]
    },
    {
      "mode": "data",
      "type": "terraform_remote_state",
      "name": "eks",
      "provider": "provider[\"terraform.io/builtin/terraform\"]",
      "instances": [
        {
          "schema_version": 0,
          "attributes": {
            "backend": "local",
            "config": {
              "value": {
                "path": "./eks/terraform.tfstate"
              },
              "type": [
                "object",
                {
                  "path": "string"
                }
              ]
            },
            "defaults": null,
            "outputs": {
              "value": {
                "cluster_endpoint": "https://DB5ED70149EAAF29F288E0CB5DD8E9AC.gr7.us-east-1.eks.amazonaws.com",
                "cluster_name": "middlechat-eks-dev-3DP2In4e",
                "cluster_security_group_id": "sg-02c3db8ab0506dd1e",
                "region": "us-east-1"
              },
              "type": [
                "object",
                {
                  "cluster_endpoint": "string",
                  "cluster_name": "string",
                  "cluster_security_group_id": "string",
                  "region": "string"
                }
              ]
            },
            "workspace": null
          },
          "sensitive_attributes": []
        }
      ]
    },
    {
      "mode": "managed",
      "type": "helm_release",
      "name": "nextjs-deploy",
      "provider": "provider[\"registry.terraform.io/hashicorp/helm\"]",
      "instances": [
        {
          "schema_version": 0,
          "attributes": {
            "atomic": false,
            "chart": "middlechat-nextjs",
            "cleanup_on_fail": false,
            "create_namespace": false,
            "dependency_update": false,
            "description": null,
            "devel": null,
            "disable_crd_hooks": false,
            "disable_openapi_validation": false,
            "disable_webhooks": false,
            "force_update": false,
            "id": "nextjs-test-app",
            "keyring": null,
            "lint": false,
            "max_history": 0,
            "metadata": [
              {
                "app_version": "1.16.0",
                "chart": "middlechat-nextjs",
                "name": "nextjs-test-app",
                "namespace": "default",
                "revision": 1,
                "values": "null",
                "version": "0.1.0"
              }
            ],
            "name": "nextjs-test-app",
            "namespace": "default",
            "postrender": [],
            "recreate_pods": false,
            "render_subchart_notes": true,
            "replace": false,
            "repository": "https://jacobzlogar.github.io/test-app-nextjs/helm",
            "repository_ca_file": null,
            "repository_cert_file": null,
            "repository_key_file": null,
            "repository_password": null,
            "repository_username": null,
            "reset_values": false,
            "reuse_values": false,
            "set": [],
            "set_sensitive": [],
            "skip_crds": false,
            "status": "deployed",
            "timeout": 300,
            "values": null,
            "verify": false,
            "version": "0.1.0",
            "wait": true
          },
          "sensitive_attributes": [],
          "private": "bnVsbA==",
          "dependencies": [
            "data.aws_eks_cluster.cluster",
            "data.terraform_remote_state.eks"
          ]
        }
      ]
    },
    {
      "mode": "managed",
      "type": "helm_release",
      "name": "nginx-ingress-deploy",
      "provider": "provider[\"registry.terraform.io/hashicorp/helm\"]",
      "instances": [
        {
          "schema_version": 0,
          "attributes": {
            "atomic": false,
            "chart": "nginx-ingress",
            "cleanup_on_fail": false,
            "create_namespace": false,
            "dependency_update": false,
            "description": null,
            "devel": null,
            "disable_crd_hooks": false,
            "disable_openapi_validation": false,
            "disable_webhooks": false,
            "force_update": false,
            "id": "nginx-test-app",
            "keyring": null,
            "lint": false,
            "max_history": 0,
            "metadata": [
              {
                "app_version": "3.0.1",
                "chart": "nginx-ingress",
                "name": "nginx-test-app",
                "namespace": "default",
                "revision": 1,
                "values": "null",
                "version": "0.16.1"
              }
            ],
            "name": "nginx-test-app",
            "namespace": "default",
            "postrender": [],
            "recreate_pods": false,
            "render_subchart_notes": true,
            "replace": false,
            "repository": "https://helm.nginx.com/stable",
            "repository_ca_file": null,
            "repository_cert_file": null,
            "repository_key_file": null,
            "repository_password": null,
            "repository_username": null,
            "reset_values": false,
            "reuse_values": false,
            "set": [],
            "set_sensitive": [],
            "skip_crds": false,
            "status": "deployed",
            "timeout": 300,
            "values": null,
            "verify": false,
            "version": "0.16.1",
            "wait": true
          },
          "sensitive_attributes": [],
          "private": "bnVsbA==",
          "dependencies": [
            "data.aws_eks_cluster.cluster",
            "data.terraform_remote_state.eks"
          ]
        }
      ]
    },
    {
      "mode": "managed",
      "type": "helm_release",
      "name": "soketi-deploy",
      "provider": "provider[\"registry.terraform.io/hashicorp/helm\"]",
      "instances": [
        {
          "schema_version": 0,
          "attributes": {
            "atomic": false,
            "chart": "soketi",
            "cleanup_on_fail": false,
            "create_namespace": false,
            "dependency_update": false,
            "description": null,
            "devel": null,
            "disable_crd_hooks": false,
            "disable_openapi_validation": false,
            "disable_webhooks": false,
            "force_update": false,
            "id": "soketi-test-app",
            "keyring": null,
            "lint": false,
            "max_history": 0,
            "metadata": [
              {
                "app_version": "1.4.0",
                "chart": "soketi",
                "name": "soketi-test-app",
                "namespace": "default",
                "revision": 1,
                "values": "{\"app\":{\"extraEnv\":[{\"name\":\"SOKETI_DEFAULT_APP_ENABLE_CLIENT_MESSAGES\",\"value\":\"true\"}]}}",
                "version": "1.0.2"
              }
            ],
            "name": "soketi-test-app",
            "namespace": "default",
            "postrender": [],
            "recreate_pods": false,
            "render_subchart_notes": true,
            "replace": false,
            "repository": "https://helm.soketi.app",
            "repository_ca_file": null,
            "repository_cert_file": null,
            "repository_key_file": null,
            "repository_password": null,
            "repository_username": null,
            "reset_values": false,
            "reuse_values": false,
            "set": [],
            "set_sensitive": [],
            "skip_crds": false,
            "status": "deployed",
            "timeout": 300,
            "values": [
              "  app:\n    extraEnv:\n    - name: SOKETI_DEFAULT_APP_ENABLE_CLIENT_MESSAGES\n      value: \"true\"\n\n  service:\n    type: LoadBalancer\n  ingress:\n    enabled: true\n    className: nginx\n    hosts:\n      - host: middlechats.com\n        paths:\n          - pathType: Prefix\n            path: \"/\"\n            backend:\n              service:\n                name: middlechat-nextjs\n                port:\n                  number: 3000\n"
            ],
            "verify": false,
            "version": "1.0.2",
            "wait": true
          },
          "sensitive_attributes": [],
          "private": "bnVsbA==",
          "dependencies": [
            "data.aws_eks_cluster.cluster"
          ]
        }
      ]
    }
  ],
  "check_results": null
}
